
Microsoft Visual Studio Solution File, Format Version 12.00
# Visual Studio 2013
VisualStudioVersion = 12.0.31101.0
MinimumVisualStudioVersion = 10.0.40219.1
Project("{2150E333-8FDC-42A3-9474-1A3956D46DE8}") = "1. Presentation Layer", "1. Presentation Layer", "{12D45E07-BDC7-4A7B-8214-48AF7C7A570E}"
EndProject
Project("{2150E333-8FDC-42A3-9474-1A3956D46DE8}") = "2. Business Layer", "2. Business Layer", "{618FF9B4-7B2F-4484-B96B-796302E9896E}"
EndProject
Project("{2150E333-8FDC-42A3-9474-1A3956D46DE8}") = "3. Data Layer", "3. Data Layer", "{F129AD7E-D71A-409F-AB9B-9907A1A5B1E7}"
EndProject
Project("{FAE04EC0-301F-11D3-BF4B-00C04F79EFBC}") = "DataObjects", "DataObjects\DataObjects.csproj", "{2EF17CE6-4A04-42AB-8DD9-EA72DA57F8D2}"
EndProject
Project("{FAE04EC0-301F-11D3-BF4B-00C04F79EFBC}") = "BusinessObjects", "BusinessObjects\BusinessObjects.csproj", "{F65431E9-0F38-4A61-9072-74FAEB426FA1}"
EndProject
Project("{FAE04EC0-301F-11D3-BF4B-00C04F79EFBC}") = "Facade", "Facade\Facade.csproj", "{72ECCF0F-6E65-4C20-9B48-ABD93B4C3142}"
EndProject
Project("{2150E333-8FDC-42A3-9474-1A3956D46DE8}") = "5. Solution Items", "5. Solution Items", "{6EDC51DC-DC0A-4396-A308-545D9A990B30}"
EndProject
Project("{FAE04EC0-301F-11D3-BF4B-00C04F79EFBC}") = "SolutionItems", "SolutionItems\SolutionItems.csproj", "{31A79C6F-6F5E-4C4A-B500-876CFA133FD1}"
EndProject
Project("{FAE04EC0-301F-11D3-BF4B-00C04F79EFBC}") = "Web", "Web\Web.csproj", "{DC03F082-C160-4C3C-9153-5E70B45400C1}"
EndProject
Project("{2150E333-8FDC-42A3-9474-1A3956D46DE8}") = "4. Tests", "4. Tests", "{2019F59D-3017-444E-AF01-AD9E312C2282}"
EndProject
Project("{FAE04EC0-301F-11D3-BF4B-00C04F79EFBC}") = "DataObjects.Tests", "DataObjects.Tests\DataObjects.Tests.csproj", "{1FD6170A-F2FC-4B96-A8B1-BC48E60246F0}"
EndProject
Project("{FAE04EC0-301F-11D3-BF4B-00C04F79EFBC}") = "Framework", "Framework\Framework.csproj", "{1F435477-27E9-405E-B061-A0A9AFB63053}"
EndProject
Project("{FAE04EC0-301F-11D3-BF4B-00C04F79EFBC}") = "Facade.Tests", "Facade.Tests\Facade.Tests.csproj", "{A1C7103A-4453-4FDC-94C9-2B3B684F8D91}"
EndProject
Project("{FAE04EC0-301F-11D3-BF4B-00C04F79EFBC}") = "BusinessObjects.Tests", "BusinessObjects.Tests\BusinessObjects.Tests.csproj", "{A19A6B9B-99C0-4EEF-8312-2272CCC428FE}"
EndProject
Project("{FAE04EC0-301F-11D3-BF4B-00C04F79EFBC}") = "Framework.Tests", "Framework.Tests\Framework.Tests.csproj", "{B7690FEE-69FC-48C1-A6CB-C541541D630A}"
EndProject
Global
	GlobalSection(SolutionConfigurationPlatforms) = preSolution
		Debug|Any CPU = Debug|Any CPU
		Release|Any CPU = Release|Any CPU
	EndGlobalSection
	GlobalSection(ProjectConfigurationPlatforms) = postSolution
		{2EF17CE6-4A04-42AB-8DD9-EA72DA57F8D2}.Debug|Any CPU.ActiveCfg = Debug|Any CPU
		{2EF17CE6-4A04-42AB-8DD9-EA72DA57F8D2}.Debug|Any CPU.Build.0 = Debug|Any CPU
		{2EF17CE6-4A04-42AB-8DD9-EA72DA57F8D2}.Release|Any CPU.ActiveCfg = Release|Any CPU
		{2EF17CE6-4A04-42AB-8DD9-EA72DA57F8D2}.Release|Any CPU.Build.0 = Release|Any CPU
		{F65431E9-0F38-4A61-9072-74FAEB426FA1}.Debug|Any CPU.ActiveCfg = Debug|Any CPU
		{F65431E9-0F38-4A61-9072-74FAEB426FA1}.Debug|Any CPU.Build.0 = Debug|Any CPU
		{F65431E9-0F38-4A61-9072-74FAEB426FA1}.Release|Any CPU.ActiveCfg = Release|Any CPU
		{F65431E9-0F38-4A61-9072-74FAEB426FA1}.Release|Any CPU.Build.0 = Release|Any CPU
		{72ECCF0F-6E65-4C20-9B48-ABD93B4C3142}.Debug|Any CPU.ActiveCfg = Debug|Any CPU
		{72ECCF0F-6E65-4C20-9B48-ABD93B4C3142}.Debug|Any CPU.Build.0 = Debug|Any CPU
		{72ECCF0F-6E65-4C20-9B48-ABD93B4C3142}.Release|Any CPU.ActiveCfg = Release|Any CPU
		{72ECCF0F-6E65-4C20-9B48-ABD93B4C3142}.Release|Any CPU.Build.0 = Release|Any CPU
		{31A79C6F-6F5E-4C4A-B500-876CFA133FD1}.Debug|Any CPU.ActiveCfg = Debug|Any CPU
		{31A79C6F-6F5E-4C4A-B500-876CFA133FD1}.Release|Any CPU.ActiveCfg = Release|Any CPU
		{31A79C6F-6F5E-4C4A-B500-876CFA133FD1}.Release|Any CPU.Build.0 = Release|Any CPU
		{DC03F082-C160-4C3C-9153-5E70B45400C1}.Debug|Any CPU.ActiveCfg = Debug|Any CPU
		{DC03F082-C160-4C3C-9153-5E70B45400C1}.Debug|Any CPU.Build.0 = Debug|Any CPU
		{DC03F082-C160-4C3C-9153-5E70B45400C1}.Release|Any CPU.ActiveCfg = Release|Any CPU
		{DC03F082-C160-4C3C-9153-5E70B45400C1}.Release|Any CPU.Build.0 = Release|Any CPU
		{1FD6170A-F2FC-4B96-A8B1-BC48E60246F0}.Debug|Any CPU.ActiveCfg = Debug|Any CPU
		{1FD6170A-F2FC-4B96-A8B1-BC48E60246F0}.Debug|Any CPU.Build.0 = Debug|Any CPU
		{1FD6170A-F2FC-4B96-A8B1-BC48E60246F0}.Release|Any CPU.ActiveCfg = Release|Any CPU
		{1FD6170A-F2FC-4B96-A8B1-BC48E60246F0}.Release|Any CPU.Build.0 = Release|Any CPU
		{1F435477-27E9-405E-B061-A0A9AFB63053}.Debug|Any CPU.ActiveCfg = Debug|Any CPU
		{1F435477-27E9-405E-B061-A0A9AFB63053}.Debug|Any CPU.Build.0 = Debug|Any CPU
		{1F435477-27E9-405E-B061-A0A9AFB63053}.Release|Any CPU.ActiveCfg = Release|Any CPU
		{1F435477-27E9-405E-B061-A0A9AFB63053}.Release|Any CPU.Build.0 = Release|Any CPU
		{A1C7103A-4453-4FDC-94C9-2B3B684F8D91}.Debug|Any CPU.ActiveCfg = Debug|Any CPU
		{A1C7103A-4453-4FDC-94C9-2B3B684F8D91}.Debug|Any CPU.Build.0 = Debug|Any CPU
		{A1C7103A-4453-4FDC-94C9-2B3B684F8D91}.Release|Any CPU.ActiveCfg = Release|Any CPU
		{A1C7103A-4453-4FDC-94C9-2B3B684F8D91}.Release|Any CPU.Build.0 = Release|Any CPU
		{A19A6B9B-99C0-4EEF-8312-2272CCC428FE}.Debug|Any CPU.ActiveCfg = Debug|Any CPU
		{A19A6B9B-99C0-4EEF-8312-2272CCC428FE}.Debug|Any CPU.Build.0 = Debug|Any CPU
		{A19A6B9B-99C0-4EEF-8312-2272CCC428FE}.Release|Any CPU.ActiveCfg = Release|Any CPU
		{A19A6B9B-99C0-4EEF-8312-2272CCC428FE}.Release|Any CPU.Build.0 = Release|Any CPU
		{B7690FEE-69FC-48C1-A6CB-C541541D630A}.Debug|Any CPU.ActiveCfg = Debug|Any CPU
		{B7690FEE-69FC-48C1-A6CB-C541541D630A}.Debug|Any CPU.Build.0 = Debug|Any CPU
		{B7690FEE-69FC-48C1-A6CB-C541541D630A}.Release|Any CPU.ActiveCfg = Release|Any CPU
		{B7690FEE-69FC-48C1-A6CB-C541541D630A}.Release|Any CPU.Build.0 = Release|Any CPU
	EndGlobalSection
	GlobalSection(SolutionProperties) = preSolution
		HideSolutionNode = FALSE
	EndGlobalSection
	GlobalSection(NestedProjects) = preSolution
		{2EF17CE6-4A04-42AB-8DD9-EA72DA57F8D2} = {F129AD7E-D71A-409F-AB9B-9907A1A5B1E7}
		{F65431E9-0F38-4A61-9072-74FAEB426FA1} = {618FF9B4-7B2F-4484-B96B-796302E9896E}
		{72ECCF0F-6E65-4C20-9B48-ABD93B4C3142} = {618FF9B4-7B2F-4484-B96B-796302E9896E}
		{31A79C6F-6F5E-4C4A-B500-876CFA133FD1} = {6EDC51DC-DC0A-4396-A308-545D9A990B30}
		{DC03F082-C160-4C3C-9153-5E70B45400C1} = {12D45E07-BDC7-4A7B-8214-48AF7C7A570E}
		{1FD6170A-F2FC-4B96-A8B1-BC48E60246F0} = {2019F59D-3017-444E-AF01-AD9E312C2282}
		{1F435477-27E9-405E-B061-A0A9AFB63053} = {6EDC51DC-DC0A-4396-A308-545D9A990B30}
		{A1C7103A-4453-4FDC-94C9-2B3B684F8D91} = {2019F59D-3017-444E-AF01-AD9E312C2282}
		{A19A6B9B-99C0-4EEF-8312-2272CCC428FE} = {2019F59D-3017-444E-AF01-AD9E312C2282}
		{B7690FEE-69FC-48C1-A6CB-C541541D630A} = {2019F59D-3017-444E-AF01-AD9E312C2282}
	EndGlobalSection
EndGlobal
