
Microsoft Visual Studio Solution File, Format Version 12.00
# Visual Studio 14
VisualStudioVersion = 14.0.25420.1
MinimumVisualStudioVersion = 10.0.40219.1
Project("{2150E333-8FDC-42A3-9474-1A3956D46DE8}") = "1. Presentation Layer", "1. Presentation Layer", "{12D45E07-BDC7-4A7B-8214-48AF7C7A570E}"
EndProject
Project("{2150E333-8FDC-42A3-9474-1A3956D46DE8}") = "3. Business Layer", "3. Business Layer", "{618FF9B4-7B2F-4484-B96B-796302E9896E}"
EndProject
Project("{2150E333-8FDC-42A3-9474-1A3956D46DE8}") = "4. Data Layer", "4. Data Layer", "{F129AD7E-D71A-409F-AB9B-9907A1A5B1E7}"
EndProject
Project("{FAE04EC0-301F-11D3-BF4B-00C04F79EFBC}") = "DataObjects", "DataObjects\DataObjects.csproj", "{2EF17CE6-4A04-42AB-8DD9-EA72DA57F8D2}"
EndProject
Project("{FAE04EC0-301F-11D3-BF4B-00C04F79EFBC}") = "BusinessObjects", "BusinessObjects\BusinessObjects.csproj", "{F65431E9-0F38-4A61-9072-74FAEB426FA1}"
EndProject
Project("{FAE04EC0-301F-11D3-BF4B-00C04F79EFBC}") = "Facade", "Facade\Facade.csproj", "{72ECCF0F-6E65-4C20-9B48-ABD93B4C3142}"
EndProject
Project("{2150E333-8FDC-42A3-9474-1A3956D46DE8}") = "6. Solution Items", "6. Solution Items", "{6EDC51DC-DC0A-4396-A308-545D9A990B30}"
EndProject
Project("{FAE04EC0-301F-11D3-BF4B-00C04F79EFBC}") = "SolutionItems", "SolutionItems\SolutionItems.csproj", "{31A79C6F-6F5E-4C4A-B500-876CFA133FD1}"
EndProject
Project("{2150E333-8FDC-42A3-9474-1A3956D46DE8}") = "5. Tests", "5. Tests", "{2019F59D-3017-444E-AF01-AD9E312C2282}"
EndProject
Project("{FAE04EC0-301F-11D3-BF4B-00C04F79EFBC}") = "DataObjects.Tests", "DataObjects.Tests\DataObjects.Tests.csproj", "{1FD6170A-F2FC-4B96-A8B1-BC48E60246F0}"
EndProject
Project("{FAE04EC0-301F-11D3-BF4B-00C04F79EFBC}") = "Framework", "Framework\Framework.csproj", "{1F435477-27E9-405E-B061-A0A9AFB63053}"
EndProject
Project("{FAE04EC0-301F-11D3-BF4B-00C04F79EFBC}") = "Facade.Tests", "Facade.Tests\Facade.Tests.csproj", "{A1C7103A-4453-4FDC-94C9-2B3B684F8D91}"
EndProject
Project("{FAE04EC0-301F-11D3-BF4B-00C04F79EFBC}") = "BusinessObjects.Tests", "BusinessObjects.Tests\BusinessObjects.Tests.csproj", "{A19A6B9B-99C0-4EEF-8312-2272CCC428FE}"
EndProject
Project("{FAE04EC0-301F-11D3-BF4B-00C04F79EFBC}") = "Framework.Tests", "Framework.Tests\Framework.Tests.csproj", "{B7690FEE-69FC-48C1-A6CB-C541541D630A}"
EndProject
Project("{FAE04EC0-301F-11D3-BF4B-00C04F79EFBC}") = "ngClient", "ngClient\ngClient.csproj", "{5B7B463D-D105-479C-BAAA-1822981723EB}"
EndProject
Project("{2150E333-8FDC-42A3-9474-1A3956D46DE8}") = "2. Service Layer", "2. Service Layer", "{359E41AC-4A9B-4FE5-A578-76E503AAA2B0}"
EndProject
Project("{FAE04EC0-301F-11D3-BF4B-00C04F79EFBC}") = "WebApi", "WebApi\WebApi.csproj", "{DC03F082-C160-4C3C-9153-5E70B45400C1}"
EndProject
Project("{FAE04EC0-301F-11D3-BF4B-00C04F79EFBC}") = "WebApi.Tests", "WebApi.Tests\WebApi.Tests.csproj", "{D0799D73-6455-4F3C-ACFC-9A2DE3CAAC32}"
EndProject
Project("{FAE04EC0-301F-11D3-BF4B-00C04F79EFBC}") = "ngClient.Tests", "ngClient.Tests\ngClient.Tests.csproj", "{397560AA-BAC9-4F9E-B6C2-5FF1F7793409}"
EndProject
Project("{FAE04EC0-301F-11D3-BF4B-00C04F79EFBC}") = "ng2Client", "ng2Client\ng2Client.csproj", "{02FDA1F5-4D76-4FF6-8775-0C0CE9A59CD9}"
EndProject
Global
	GlobalSection(SolutionConfigurationPlatforms) = preSolution
		Debug|Any CPU = Debug|Any CPU
		Release|Any CPU = Release|Any CPU
	EndGlobalSection
	GlobalSection(ProjectConfigurationPlatforms) = postSolution
		{2EF17CE6-4A04-42AB-8DD9-EA72DA57F8D2}.Debug|Any CPU.ActiveCfg = Debug|Any CPU
		{2EF17CE6-4A04-42AB-8DD9-EA72DA57F8D2}.Debug|Any CPU.Build.0 = Debug|Any CPU
		{2EF17CE6-4A04-42AB-8DD9-EA72DA57F8D2}.Release|Any CPU.ActiveCfg = Release|Any CPU
		{2EF17CE6-4A04-42AB-8DD9-EA72DA57F8D2}.Release|Any CPU.Build.0 = Release|Any CPU
		{F65431E9-0F38-4A61-9072-74FAEB426FA1}.Debug|Any CPU.ActiveCfg = Debug|Any CPU
		{F65431E9-0F38-4A61-9072-74FAEB426FA1}.Debug|Any CPU.Build.0 = Debug|Any CPU
		{F65431E9-0F38-4A61-9072-74FAEB426FA1}.Release|Any CPU.ActiveCfg = Release|Any CPU
		{F65431E9-0F38-4A61-9072-74FAEB426FA1}.Release|Any CPU.Build.0 = Release|Any CPU
		{72ECCF0F-6E65-4C20-9B48-ABD93B4C3142}.Debug|Any CPU.ActiveCfg = Debug|Any CPU
		{72ECCF0F-6E65-4C20-9B48-ABD93B4C3142}.Debug|Any CPU.Build.0 = Debug|Any CPU
		{72ECCF0F-6E65-4C20-9B48-ABD93B4C3142}.Release|Any CPU.ActiveCfg = Release|Any CPU
		{72ECCF0F-6E65-4C20-9B48-ABD93B4C3142}.Release|Any CPU.Build.0 = Release|Any CPU
		{31A79C6F-6F5E-4C4A-B500-876CFA133FD1}.Debug|Any CPU.ActiveCfg = Debug|Any CPU
		{31A79C6F-6F5E-4C4A-B500-876CFA133FD1}.Release|Any CPU.ActiveCfg = Release|Any CPU
		{1FD6170A-F2FC-4B96-A8B1-BC48E60246F0}.Debug|Any CPU.ActiveCfg = Debug|Any CPU
		{1FD6170A-F2FC-4B96-A8B1-BC48E60246F0}.Debug|Any CPU.Build.0 = Debug|Any CPU
		{1FD6170A-F2FC-4B96-A8B1-BC48E60246F0}.Release|Any CPU.ActiveCfg = Release|Any CPU
		{1FD6170A-F2FC-4B96-A8B1-BC48E60246F0}.Release|Any CPU.Build.0 = Release|Any CPU
		{1F435477-27E9-405E-B061-A0A9AFB63053}.Debug|Any CPU.ActiveCfg = Debug|Any CPU
		{1F435477-27E9-405E-B061-A0A9AFB63053}.Debug|Any CPU.Build.0 = Debug|Any CPU
		{1F435477-27E9-405E-B061-A0A9AFB63053}.Release|Any CPU.ActiveCfg = Release|Any CPU
		{1F435477-27E9-405E-B061-A0A9AFB63053}.Release|Any CPU.Build.0 = Release|Any CPU
		{A1C7103A-4453-4FDC-94C9-2B3B684F8D91}.Debug|Any CPU.ActiveCfg = Debug|Any CPU
		{A1C7103A-4453-4FDC-94C9-2B3B684F8D91}.Debug|Any CPU.Build.0 = Debug|Any CPU
		{A1C7103A-4453-4FDC-94C9-2B3B684F8D91}.Release|Any CPU.ActiveCfg = Release|Any CPU
		{A1C7103A-4453-4FDC-94C9-2B3B684F8D91}.Release|Any CPU.Build.0 = Release|Any CPU
		{A19A6B9B-99C0-4EEF-8312-2272CCC428FE}.Debug|Any CPU.ActiveCfg = Debug|Any CPU
		{A19A6B9B-99C0-4EEF-8312-2272CCC428FE}.Debug|Any CPU.Build.0 = Debug|Any CPU
		{A19A6B9B-99C0-4EEF-8312-2272CCC428FE}.Release|Any CPU.ActiveCfg = Release|Any CPU
		{A19A6B9B-99C0-4EEF-8312-2272CCC428FE}.Release|Any CPU.Build.0 = Release|Any CPU
		{B7690FEE-69FC-48C1-A6CB-C541541D630A}.Debug|Any CPU.ActiveCfg = Debug|Any CPU
		{B7690FEE-69FC-48C1-A6CB-C541541D630A}.Debug|Any CPU.Build.0 = Debug|Any CPU
		{B7690FEE-69FC-48C1-A6CB-C541541D630A}.Release|Any CPU.ActiveCfg = Release|Any CPU
		{B7690FEE-69FC-48C1-A6CB-C541541D630A}.Release|Any CPU.Build.0 = Release|Any CPU
		{5B7B463D-D105-479C-BAAA-1822981723EB}.Debug|Any CPU.ActiveCfg = Debug|Any CPU
		{5B7B463D-D105-479C-BAAA-1822981723EB}.Release|Any CPU.ActiveCfg = Release|Any CPU
		{DC03F082-C160-4C3C-9153-5E70B45400C1}.Debug|Any CPU.ActiveCfg = Debug|Any CPU
		{DC03F082-C160-4C3C-9153-5E70B45400C1}.Debug|Any CPU.Build.0 = Debug|Any CPU
		{DC03F082-C160-4C3C-9153-5E70B45400C1}.Release|Any CPU.ActiveCfg = Release|Any CPU
		{DC03F082-C160-4C3C-9153-5E70B45400C1}.Release|Any CPU.Build.0 = Release|Any CPU
		{D0799D73-6455-4F3C-ACFC-9A2DE3CAAC32}.Debug|Any CPU.ActiveCfg = Debug|Any CPU
		{D0799D73-6455-4F3C-ACFC-9A2DE3CAAC32}.Debug|Any CPU.Build.0 = Debug|Any CPU
		{D0799D73-6455-4F3C-ACFC-9A2DE3CAAC32}.Release|Any CPU.ActiveCfg = Release|Any CPU
		{D0799D73-6455-4F3C-ACFC-9A2DE3CAAC32}.Release|Any CPU.Build.0 = Release|Any CPU
		{397560AA-BAC9-4F9E-B6C2-5FF1F7793409}.Debug|Any CPU.ActiveCfg = Debug|Any CPU
		{397560AA-BAC9-4F9E-B6C2-5FF1F7793409}.Debug|Any CPU.Build.0 = Debug|Any CPU
		{397560AA-BAC9-4F9E-B6C2-5FF1F7793409}.Release|Any CPU.ActiveCfg = Release|Any CPU
		{397560AA-BAC9-4F9E-B6C2-5FF1F7793409}.Release|Any CPU.Build.0 = Release|Any CPU
		{02FDA1F5-4D76-4FF6-8775-0C0CE9A59CD9}.Debug|Any CPU.ActiveCfg = Debug|Any CPU
		{02FDA1F5-4D76-4FF6-8775-0C0CE9A59CD9}.Release|Any CPU.ActiveCfg = Release|Any CPU
	EndGlobalSection
	GlobalSection(SolutionProperties) = preSolution
		HideSolutionNode = FALSE
	EndGlobalSection
	GlobalSection(NestedProjects) = preSolution
		{2EF17CE6-4A04-42AB-8DD9-EA72DA57F8D2} = {F129AD7E-D71A-409F-AB9B-9907A1A5B1E7}
		{F65431E9-0F38-4A61-9072-74FAEB426FA1} = {618FF9B4-7B2F-4484-B96B-796302E9896E}
		{72ECCF0F-6E65-4C20-9B48-ABD93B4C3142} = {618FF9B4-7B2F-4484-B96B-796302E9896E}
		{31A79C6F-6F5E-4C4A-B500-876CFA133FD1} = {6EDC51DC-DC0A-4396-A308-545D9A990B30}
		{1FD6170A-F2FC-4B96-A8B1-BC48E60246F0} = {2019F59D-3017-444E-AF01-AD9E312C2282}
		{1F435477-27E9-405E-B061-A0A9AFB63053} = {6EDC51DC-DC0A-4396-A308-545D9A990B30}
		{A1C7103A-4453-4FDC-94C9-2B3B684F8D91} = {2019F59D-3017-444E-AF01-AD9E312C2282}
		{A19A6B9B-99C0-4EEF-8312-2272CCC428FE} = {2019F59D-3017-444E-AF01-AD9E312C2282}
		{B7690FEE-69FC-48C1-A6CB-C541541D630A} = {2019F59D-3017-444E-AF01-AD9E312C2282}
		{5B7B463D-D105-479C-BAAA-1822981723EB} = {12D45E07-BDC7-4A7B-8214-48AF7C7A570E}
		{DC03F082-C160-4C3C-9153-5E70B45400C1} = {359E41AC-4A9B-4FE5-A578-76E503AAA2B0}
		{D0799D73-6455-4F3C-ACFC-9A2DE3CAAC32} = {2019F59D-3017-444E-AF01-AD9E312C2282}
		{397560AA-BAC9-4F9E-B6C2-5FF1F7793409} = {2019F59D-3017-444E-AF01-AD9E312C2282}
		{02FDA1F5-4D76-4FF6-8775-0C0CE9A59CD9} = {12D45E07-BDC7-4A7B-8214-48AF7C7A570E}
	EndGlobalSection
EndGlobal
